
Microsoft Visual Studio Solution File, Format Version 12.00
# Visual Studio 15
VisualStudioVersion = 15.0.28307.1062
MinimumVisualStudioVersion = 10.0.40219.1
Project("{8BC9CEB8-8B4A-11D0-8D11-00A0C91BC942}") = "Messenger", "Messenger\Messenger.vcxproj", "{0107AFAC-766E-47CD-82A8-C18FD58B0B51}"
EndProject
Global
	GlobalSection(SolutionConfigurationPlatforms) = preSolution
		Debug|x64 = Debug|x64
		Debug|x86 = Debug|x86
		Release|x64 = Release|x64
		Release|x86 = Release|x86
	EndGlobalSection
	GlobalSection(ProjectConfigurationPlatforms) = postSolution
		{0107AFAC-766E-47CD-82A8-C18FD58B0B51}.Debug|x64.ActiveCfg = Debug|x64
		{0107AFAC-766E-47CD-82A8-C18FD58B0B51}.Debug|x64.Build.0 = Debug|x64
		{0107AFAC-766E-47CD-82A8-C18FD58B0B51}.Debug|x86.ActiveCfg = Debug|Win32
		{0107AFAC-766E-47CD-82A8-C18FD58B0B51}.Debug|x86.Build.0 = Debug|Win32
		{0107AFAC-766E-47CD-82A8-C18FD58B0B51}.Release|x64.ActiveCfg = Release|x64
		{0107AFAC-766E-47CD-82A8-C18FD58B0B51}.Release|x64.Build.0 = Release|x64
		{0107AFAC-766E-47CD-82A8-C18FD58B0B51}.Release|x86.ActiveCfg = Release|Win32
		{0107AFAC-766E-47CD-82A8-C18FD58B0B51}.Release|x86.Build.0 = Release|Win32
	EndGlobalSection
	GlobalSection(SolutionProperties) = preSolution
		HideSolutionNode = FALSE
	EndGlobalSection
	GlobalSection(ExtensibilityGlobals) = postSolution
		SolutionGuid = {E41D202C-F1A6-46A7-8D89-A8F090124F96}
	EndGlobalSection
EndGlobal
